
Microsoft Visual Studio Solution File, Format Version 12.00
# Visual Studio 15
VisualStudioVersion = 15.0.28307.421
MinimumVisualStudioVersion = 10.0.40219.1
Project("{FAE04EC0-301F-11D3-BF4B-00C04F79EFBC}") = "Face_Detection", "Face_Detection\Face_Detection.csproj", "{C6C719E0-FA48-401D-81A9-3BF5757EC043}"
EndProject
Global
	GlobalSection(SolutionConfigurationPlatforms) = preSolution
		Debug|Any CPU = Debug|Any CPU
		Release|Any CPU = Release|Any CPU
	EndGlobalSection
	GlobalSection(ProjectConfigurationPlatforms) = postSolution
		{C6C719E0-FA48-401D-81A9-3BF5757EC043}.Debug|Any CPU.ActiveCfg = Debug|Any CPU
		{C6C719E0-FA48-401D-81A9-3BF5757EC043}.Debug|Any CPU.Build.0 = Debug|Any CPU
		{C6C719E0-FA48-401D-81A9-3BF5757EC043}.Release|Any CPU.ActiveCfg = Release|Any CPU
		{C6C719E0-FA48-401D-81A9-3BF5757EC043}.Release|Any CPU.Build.0 = Release|Any CPU
	EndGlobalSection
	GlobalSection(SolutionProperties) = preSolution
		HideSolutionNode = FALSE
	EndGlobalSection
	GlobalSection(ExtensibilityGlobals) = postSolution
		SolutionGuid = {DA89D7B3-0F90-4486-8D94-D37907BAEDA0}
	EndGlobalSection
EndGlobal
